
Microsoft Visual Studio Solution File, Format Version 12.00
# Visual Studio Version 16
VisualStudioVersion = 16.0.31515.178
MinimumVisualStudioVersion = 10.0.40219.1
Project("{FAE04EC0-301F-11D3-BF4B-00C04F79EFBC}") = "CourseRegistration", "CourseRegistration\CourseRegistration.csproj", "{ECCE1D8A-36A4-49C8-BF97-7470906F8ADC}"
EndProject
Global
	GlobalSection(SolutionConfigurationPlatforms) = preSolution
		Debug|Any CPU = Debug|Any CPU
		Release|Any CPU = Release|Any CPU
	EndGlobalSection
	GlobalSection(ProjectConfigurationPlatforms) = postSolution
		{ECCE1D8A-36A4-49C8-BF97-7470906F8ADC}.Debug|Any CPU.ActiveCfg = Debug|Any CPU
		{ECCE1D8A-36A4-49C8-BF97-7470906F8ADC}.Debug|Any CPU.Build.0 = Debug|Any CPU
		{ECCE1D8A-36A4-49C8-BF97-7470906F8ADC}.Release|Any CPU.ActiveCfg = Release|Any CPU
		{ECCE1D8A-36A4-49C8-BF97-7470906F8ADC}.Release|Any CPU.Build.0 = Release|Any CPU
	EndGlobalSection
	GlobalSection(SolutionProperties) = preSolution
		HideSolutionNode = FALSE
	EndGlobalSection
	GlobalSection(ExtensibilityGlobals) = postSolution
		SolutionGuid = {B56DF12D-D9B4-4E41-9D87-1639E68B9FFE}
	EndGlobalSection
EndGlobal
